
Microsoft Visual Studio Solution File, Format Version 12.00
# Visual Studio Version 16
VisualStudioVersion = 16.0.31410.357
MinimumVisualStudioVersion = 10.0.40219.1
Project("{9A19103F-16F7-4668-BE54-9A1E7A4F7556}") = "CF282A_Bit++", "CF282A_Bit++\CF282A_Bit++.csproj", "{5FD45C35-8F28-41DE-A8A1-180835F49192}"
EndProject
Project("{9A19103F-16F7-4668-BE54-9A1E7A4F7556}") = "CF263A_BeautifulMatrix", "CF263A_BeautifulMatrix\CF263A_BeautifulMatrix.csproj", "{D3F034FD-9019-4BDC-BAF6-F57B0471CBFE}"
EndProject
Project("{9A19103F-16F7-4668-BE54-9A1E7A4F7556}") = "CF112A_PetyaandStrings", "CF112A_PetyaandStrings\CF112A_PetyaandStrings.csproj", "{6B821A41-DB8F-451B-A008-140CE94FDFE3}"
EndProject
Project("{9A19103F-16F7-4668-BE54-9A1E7A4F7556}") = "CF118A_StringTask", "CF118A_StringTask\CF118A_StringTask.csproj", "{DA72C0F2-9CE3-4F36-8F32-03A7C982ACC4}"
EndProject
Project("{9A19103F-16F7-4668-BE54-9A1E7A4F7556}") = "CF339A_HelpfulMaths", "CF339A_HelpfulMaths\CF339A_HelpfulMaths.csproj", "{BBB729A8-914B-4041-8396-8D0910DC82F7}"
EndProject
Project("{9A19103F-16F7-4668-BE54-9A1E7A4F7556}") = "CF281A_WordCapitalization", "CF281A_WordCapitalization\CF281A_WordCapitalization.csproj", "{8B41B030-4FCD-4A18-BC40-732AD34D3BD4}"
EndProject
Project("{9A19103F-16F7-4668-BE54-9A1E7A4F7556}") = "CF266A_StonesontheTable", "CF266A_StonesontheTable\CF266A_StonesontheTable.csproj", "{8D0CD407-AEE3-488B-8BEB-11F10AD356BC}"
EndProject
Project("{9A19103F-16F7-4668-BE54-9A1E7A4F7556}") = "CF236A_BoyorGirl", "CF236A_BoyorGirl\CF236A_BoyorGirl.csproj", "{8B30FBBA-FF84-4512-9AEF-2C13BE812A89}"
EndProject
Project("{9A19103F-16F7-4668-BE54-9A1E7A4F7556}") = "CF69A_YoungPhysicist", "CF69A_YoungPhysicist\CF69A_YoungPhysicist.csproj", "{2289715C-E5AD-48BE-832B-ECD3B63F63C3}"
EndProject
Project("{9A19103F-16F7-4668-BE54-9A1E7A4F7556}") = "CF546A_SoldierandBananas", "CF546A_SoldierandBananas\CF546A_SoldierandBananas.csproj", "{F17D6631-1C85-44EB-861F-FD9B8518D88C}"
EndProject
Project("{9A19103F-16F7-4668-BE54-9A1E7A4F7556}") = "CF791A_BearandBigBrother", "CF791A_BearandBigBrother\CF791A_BearandBigBrother.csproj", "{0AC5B78D-911B-4220-A04F-6C77283569FF}"
EndProject
Project("{9A19103F-16F7-4668-BE54-9A1E7A4F7556}") = "CF977A_WrongSubtraction", "CF977A_WrongSubtraction\CF977A_WrongSubtraction.csproj", "{D81DB29C-7382-4010-96D8-381E5F9A7E26}"
EndProject
Project("{9A19103F-16F7-4668-BE54-9A1E7A4F7556}") = "CF59A_Word", "CF59A_Word\CF59A_Word.csproj", "{9530F6CF-59F4-4D25-BE36-0B11E07C0807}"
EndProject
Project("{9A19103F-16F7-4668-BE54-9A1E7A4F7556}") = "CF116A_Tram", "CF116A_Tram\CF116A_Tram.csproj", "{364041A2-2BC5-4BDF-BD87-D91B4C8281A7}"
EndProject
Project("{9A19103F-16F7-4668-BE54-9A1E7A4F7556}") = "CF110A_NearlyLuckyNumber", "CF110A_NearlyLuckyNumber\CF110A_NearlyLuckyNumber.csproj", "{D59705E3-AEC6-4FA1-AE7D-6A90747CD2E8}"
EndProject
Project("{9A19103F-16F7-4668-BE54-9A1E7A4F7556}") = "CF41A_Translation", "CF41A_Translation\CF41A_Translation.csproj", "{C36D115A-3F38-419C-BD11-7ED693690704}"
EndProject
Project("{9A19103F-16F7-4668-BE54-9A1E7A4F7556}") = "CF734A_AntonandDanik", "CF734A_AntonandDanik\CF734A_AntonandDanik.csproj", "{AC967AFE-35E2-4CA5-9B6C-8E728B511FFC}"
EndProject
Project("{9A19103F-16F7-4668-BE54-9A1E7A4F7556}") = "CF677A_VanyaandFence", "CF677A_VanyaandFence\CF677A_VanyaandFence.csproj", "{CD9A8B48-C0DC-4076-8C37-CC9AB5759BD2}"
EndProject
Project("{9A19103F-16F7-4668-BE54-9A1E7A4F7556}") = "CF467_GeorgeandAccommodation", "CF467_GeorgeandAccommodation\CF467_GeorgeandAccommodation.csproj", "{90D3FD23-2A5B-4929-896D-D01A5A76EAA4}"
EndProject
Project("{9A19103F-16F7-4668-BE54-9A1E7A4F7556}") = "CF133_HQ9", "CF133_HQ9\CF133_HQ9.csproj", "{E75012CA-73DA-48D1-8925-889128FBA1B8}"
EndProject
Project("{9A19103F-16F7-4668-BE54-9A1E7A4F7556}") = "CF136A_Presents", "CF136A_Presents\CF136A_Presents.csproj", "{47CFD5FD-648E-42CE-8C65-E088598E383B}"
EndProject
Project("{9A19103F-16F7-4668-BE54-9A1E7A4F7556}") = "CF486_CalculatingFunction", "CF486_CalculatingFunction\CF486_CalculatingFunction.csproj", "{62B0CCA4-7660-4777-8C9D-AF6B36E14D9B}"
EndProject
Project("{9A19103F-16F7-4668-BE54-9A1E7A4F7556}") = "CF466A_CheapTravel", "CF466_CheapTravel\CF466A_CheapTravel.csproj", "{53C19CAA-CD06-453E-851F-4F63170EFB46}"
EndProject
Project("{9A19103F-16F7-4668-BE54-9A1E7A4F7556}") = "CF1560A_DislikeOfThrees", "CF1560A_DislikeOfThrees\CF1560A_DislikeOfThrees.csproj", "{899AD01D-7251-4A3D-A456-34F3FA09A8B4}"
EndProject
Project("{9A19103F-16F7-4668-BE54-9A1E7A4F7556}") = "CF344A_Magnets", "CF344A_Magnets\CF344A_Magnets.csproj", "{36055E92-A497-4CDF-86EE-3A477AD62DDC}"
EndProject
Project("{9A19103F-16F7-4668-BE54-9A1E7A4F7556}") = "CF1030A_InSearchofanEasyProblem", "CF1030A_InSearchofanEasyProblem\CF1030A_InSearchofanEasyProblem.csproj", "{2C6DAC0B-892E-4A5F-8080-25B9378CB171}"
EndProject
Project("{9A19103F-16F7-4668-BE54-9A1E7A4F7556}") = "CF158B_Taxi", "CF158B_Taxi\CF158B_Taxi.csproj", "{CAEDBF5D-0F61-4500-8205-AD503D45EA52}"
EndProject
Project("{9A19103F-16F7-4668-BE54-9A1E7A4F7556}") = "CF158A_NextRound", "CF158A_NextRound\CF158A_NextRound.csproj", "{B27FFC03-7099-48B1-9BA6-6DE4F34C3D45}"
EndProject
Project("{9A19103F-16F7-4668-BE54-9A1E7A4F7556}") = "CF705A_Hulk", "CF705A_Hulk\CF705A_Hulk.csproj", "{5251CC78-347A-4C03-83F4-5D54353D3459}"
EndProject
Project("{9A19103F-16F7-4668-BE54-9A1E7A4F7556}") = "CF580A_KefaandFirstSteps", "CF580A_KefaandFirstSteps\CF580A_KefaandFirstSteps.csproj", "{7E0A4074-4EE5-492B-AF3E-D956B252D3CA}"
EndProject
Project("{9A19103F-16F7-4668-BE54-9A1E7A4F7556}") = "CF131A_cAPSlOCK", "CF131A_cAPSlOCK\CF131A_cAPSlOCK.csproj", "{1A838CF5-4D65-4200-8784-71A6126C1B52}"
EndProject
Project("{9A19103F-16F7-4668-BE54-9A1E7A4F7556}") = "CF228A_IsYourHorseShoeoOTheOtherHoof", "CF228A_IsYourHorseShoeoOTheOtherHoof\CF228A_IsYourHorseShoeoOTheOtherHoof.csproj", "{9650628A-92BA-4786-AB2F-8328B294E21E}"
EndProject
Project("{9A19103F-16F7-4668-BE54-9A1E7A4F7556}") = "CF469A_IWannaBetheGuy", "CF469A_IWannaBetheGuy\CF469A_IWannaBetheGuy.csproj", "{AD558A07-D418-42E0-AAFB-CE9AA5C299F6}"
EndProject
Project("{FAE04EC0-301F-11D3-BF4B-00C04F79EFBC}") = "CF405A_GravityFlip", "CF405A_GravityFlip\CF405A_GravityFlip.csproj", "{CC69A08E-E3E6-41FA-A2C9-42A65E09A049}"
EndProject
Global
	GlobalSection(SolutionConfigurationPlatforms) = preSolution
		Debug|Any CPU = Debug|Any CPU
		Release|Any CPU = Release|Any CPU
	EndGlobalSection
	GlobalSection(ProjectConfigurationPlatforms) = postSolution
		{5FD45C35-8F28-41DE-A8A1-180835F49192}.Debug|Any CPU.ActiveCfg = Debug|Any CPU
		{5FD45C35-8F28-41DE-A8A1-180835F49192}.Debug|Any CPU.Build.0 = Debug|Any CPU
		{5FD45C35-8F28-41DE-A8A1-180835F49192}.Release|Any CPU.ActiveCfg = Release|Any CPU
		{5FD45C35-8F28-41DE-A8A1-180835F49192}.Release|Any CPU.Build.0 = Release|Any CPU
		{D3F034FD-9019-4BDC-BAF6-F57B0471CBFE}.Debug|Any CPU.ActiveCfg = Debug|Any CPU
		{D3F034FD-9019-4BDC-BAF6-F57B0471CBFE}.Debug|Any CPU.Build.0 = Debug|Any CPU
		{D3F034FD-9019-4BDC-BAF6-F57B0471CBFE}.Release|Any CPU.ActiveCfg = Release|Any CPU
		{D3F034FD-9019-4BDC-BAF6-F57B0471CBFE}.Release|Any CPU.Build.0 = Release|Any CPU
		{6B821A41-DB8F-451B-A008-140CE94FDFE3}.Debug|Any CPU.ActiveCfg = Debug|Any CPU
		{6B821A41-DB8F-451B-A008-140CE94FDFE3}.Debug|Any CPU.Build.0 = Debug|Any CPU
		{6B821A41-DB8F-451B-A008-140CE94FDFE3}.Release|Any CPU.ActiveCfg = Release|Any CPU
		{6B821A41-DB8F-451B-A008-140CE94FDFE3}.Release|Any CPU.Build.0 = Release|Any CPU
		{DA72C0F2-9CE3-4F36-8F32-03A7C982ACC4}.Debug|Any CPU.ActiveCfg = Debug|Any CPU
		{DA72C0F2-9CE3-4F36-8F32-03A7C982ACC4}.Debug|Any CPU.Build.0 = Debug|Any CPU
		{DA72C0F2-9CE3-4F36-8F32-03A7C982ACC4}.Release|Any CPU.ActiveCfg = Release|Any CPU
		{DA72C0F2-9CE3-4F36-8F32-03A7C982ACC4}.Release|Any CPU.Build.0 = Release|Any CPU
		{BBB729A8-914B-4041-8396-8D0910DC82F7}.Debug|Any CPU.ActiveCfg = Debug|Any CPU
		{BBB729A8-914B-4041-8396-8D0910DC82F7}.Debug|Any CPU.Build.0 = Debug|Any CPU
		{BBB729A8-914B-4041-8396-8D0910DC82F7}.Release|Any CPU.ActiveCfg = Release|Any CPU
		{BBB729A8-914B-4041-8396-8D0910DC82F7}.Release|Any CPU.Build.0 = Release|Any CPU
		{8B41B030-4FCD-4A18-BC40-732AD34D3BD4}.Debug|Any CPU.ActiveCfg = Debug|Any CPU
		{8B41B030-4FCD-4A18-BC40-732AD34D3BD4}.Debug|Any CPU.Build.0 = Debug|Any CPU
		{8B41B030-4FCD-4A18-BC40-732AD34D3BD4}.Release|Any CPU.ActiveCfg = Release|Any CPU
		{8B41B030-4FCD-4A18-BC40-732AD34D3BD4}.Release|Any CPU.Build.0 = Release|Any CPU
		{8D0CD407-AEE3-488B-8BEB-11F10AD356BC}.Debug|Any CPU.ActiveCfg = Debug|Any CPU
		{8D0CD407-AEE3-488B-8BEB-11F10AD356BC}.Debug|Any CPU.Build.0 = Debug|Any CPU
		{8D0CD407-AEE3-488B-8BEB-11F10AD356BC}.Release|Any CPU.ActiveCfg = Release|Any CPU
		{8D0CD407-AEE3-488B-8BEB-11F10AD356BC}.Release|Any CPU.Build.0 = Release|Any CPU
		{8B30FBBA-FF84-4512-9AEF-2C13BE812A89}.Debug|Any CPU.ActiveCfg = Debug|Any CPU
		{8B30FBBA-FF84-4512-9AEF-2C13BE812A89}.Debug|Any CPU.Build.0 = Debug|Any CPU
		{8B30FBBA-FF84-4512-9AEF-2C13BE812A89}.Release|Any CPU.ActiveCfg = Release|Any CPU
		{8B30FBBA-FF84-4512-9AEF-2C13BE812A89}.Release|Any CPU.Build.0 = Release|Any CPU
		{2289715C-E5AD-48BE-832B-ECD3B63F63C3}.Debug|Any CPU.ActiveCfg = Debug|Any CPU
		{2289715C-E5AD-48BE-832B-ECD3B63F63C3}.Debug|Any CPU.Build.0 = Debug|Any CPU
		{2289715C-E5AD-48BE-832B-ECD3B63F63C3}.Release|Any CPU.ActiveCfg = Release|Any CPU
		{2289715C-E5AD-48BE-832B-ECD3B63F63C3}.Release|Any CPU.Build.0 = Release|Any CPU
		{F17D6631-1C85-44EB-861F-FD9B8518D88C}.Debug|Any CPU.ActiveCfg = Debug|Any CPU
		{F17D6631-1C85-44EB-861F-FD9B8518D88C}.Debug|Any CPU.Build.0 = Debug|Any CPU
		{F17D6631-1C85-44EB-861F-FD9B8518D88C}.Release|Any CPU.ActiveCfg = Release|Any CPU
		{F17D6631-1C85-44EB-861F-FD9B8518D88C}.Release|Any CPU.Build.0 = Release|Any CPU
		{0AC5B78D-911B-4220-A04F-6C77283569FF}.Debug|Any CPU.ActiveCfg = Debug|Any CPU
		{0AC5B78D-911B-4220-A04F-6C77283569FF}.Debug|Any CPU.Build.0 = Debug|Any CPU
		{0AC5B78D-911B-4220-A04F-6C77283569FF}.Release|Any CPU.ActiveCfg = Release|Any CPU
		{0AC5B78D-911B-4220-A04F-6C77283569FF}.Release|Any CPU.Build.0 = Release|Any CPU
		{D81DB29C-7382-4010-96D8-381E5F9A7E26}.Debug|Any CPU.ActiveCfg = Debug|Any CPU
		{D81DB29C-7382-4010-96D8-381E5F9A7E26}.Debug|Any CPU.Build.0 = Debug|Any CPU
		{D81DB29C-7382-4010-96D8-381E5F9A7E26}.Release|Any CPU.ActiveCfg = Release|Any CPU
		{D81DB29C-7382-4010-96D8-381E5F9A7E26}.Release|Any CPU.Build.0 = Release|Any CPU
		{9530F6CF-59F4-4D25-BE36-0B11E07C0807}.Debug|Any CPU.ActiveCfg = Debug|Any CPU
		{9530F6CF-59F4-4D25-BE36-0B11E07C0807}.Debug|Any CPU.Build.0 = Debug|Any CPU
		{9530F6CF-59F4-4D25-BE36-0B11E07C0807}.Release|Any CPU.ActiveCfg = Release|Any CPU
		{9530F6CF-59F4-4D25-BE36-0B11E07C0807}.Release|Any CPU.Build.0 = Release|Any CPU
		{364041A2-2BC5-4BDF-BD87-D91B4C8281A7}.Debug|Any CPU.ActiveCfg = Debug|Any CPU
		{364041A2-2BC5-4BDF-BD87-D91B4C8281A7}.Debug|Any CPU.Build.0 = Debug|Any CPU
		{364041A2-2BC5-4BDF-BD87-D91B4C8281A7}.Release|Any CPU.ActiveCfg = Release|Any CPU
		{364041A2-2BC5-4BDF-BD87-D91B4C8281A7}.Release|Any CPU.Build.0 = Release|Any CPU
		{D59705E3-AEC6-4FA1-AE7D-6A90747CD2E8}.Debug|Any CPU.ActiveCfg = Debug|Any CPU
		{D59705E3-AEC6-4FA1-AE7D-6A90747CD2E8}.Debug|Any CPU.Build.0 = Debug|Any CPU
		{D59705E3-AEC6-4FA1-AE7D-6A90747CD2E8}.Release|Any CPU.ActiveCfg = Release|Any CPU
		{D59705E3-AEC6-4FA1-AE7D-6A90747CD2E8}.Release|Any CPU.Build.0 = Release|Any CPU
		{C36D115A-3F38-419C-BD11-7ED693690704}.Debug|Any CPU.ActiveCfg = Debug|Any CPU
		{C36D115A-3F38-419C-BD11-7ED693690704}.Debug|Any CPU.Build.0 = Debug|Any CPU
		{C36D115A-3F38-419C-BD11-7ED693690704}.Release|Any CPU.ActiveCfg = Release|Any CPU
		{C36D115A-3F38-419C-BD11-7ED693690704}.Release|Any CPU.Build.0 = Release|Any CPU
		{AC967AFE-35E2-4CA5-9B6C-8E728B511FFC}.Debug|Any CPU.ActiveCfg = Debug|Any CPU
		{AC967AFE-35E2-4CA5-9B6C-8E728B511FFC}.Debug|Any CPU.Build.0 = Debug|Any CPU
		{AC967AFE-35E2-4CA5-9B6C-8E728B511FFC}.Release|Any CPU.ActiveCfg = Release|Any CPU
		{AC967AFE-35E2-4CA5-9B6C-8E728B511FFC}.Release|Any CPU.Build.0 = Release|Any CPU
		{CD9A8B48-C0DC-4076-8C37-CC9AB5759BD2}.Debug|Any CPU.ActiveCfg = Debug|Any CPU
		{CD9A8B48-C0DC-4076-8C37-CC9AB5759BD2}.Debug|Any CPU.Build.0 = Debug|Any CPU
		{CD9A8B48-C0DC-4076-8C37-CC9AB5759BD2}.Release|Any CPU.ActiveCfg = Release|Any CPU
		{CD9A8B48-C0DC-4076-8C37-CC9AB5759BD2}.Release|Any CPU.Build.0 = Release|Any CPU
		{90D3FD23-2A5B-4929-896D-D01A5A76EAA4}.Debug|Any CPU.ActiveCfg = Debug|Any CPU
		{90D3FD23-2A5B-4929-896D-D01A5A76EAA4}.Debug|Any CPU.Build.0 = Debug|Any CPU
		{90D3FD23-2A5B-4929-896D-D01A5A76EAA4}.Release|Any CPU.ActiveCfg = Release|Any CPU
		{90D3FD23-2A5B-4929-896D-D01A5A76EAA4}.Release|Any CPU.Build.0 = Release|Any CPU
		{E75012CA-73DA-48D1-8925-889128FBA1B8}.Debug|Any CPU.ActiveCfg = Debug|Any CPU
		{E75012CA-73DA-48D1-8925-889128FBA1B8}.Debug|Any CPU.Build.0 = Debug|Any CPU
		{E75012CA-73DA-48D1-8925-889128FBA1B8}.Release|Any CPU.ActiveCfg = Release|Any CPU
		{E75012CA-73DA-48D1-8925-889128FBA1B8}.Release|Any CPU.Build.0 = Release|Any CPU
		{47CFD5FD-648E-42CE-8C65-E088598E383B}.Debug|Any CPU.ActiveCfg = Debug|Any CPU
		{47CFD5FD-648E-42CE-8C65-E088598E383B}.Debug|Any CPU.Build.0 = Debug|Any CPU
		{47CFD5FD-648E-42CE-8C65-E088598E383B}.Release|Any CPU.ActiveCfg = Release|Any CPU
		{47CFD5FD-648E-42CE-8C65-E088598E383B}.Release|Any CPU.Build.0 = Release|Any CPU
		{62B0CCA4-7660-4777-8C9D-AF6B36E14D9B}.Debug|Any CPU.ActiveCfg = Debug|Any CPU
		{62B0CCA4-7660-4777-8C9D-AF6B36E14D9B}.Debug|Any CPU.Build.0 = Debug|Any CPU
		{62B0CCA4-7660-4777-8C9D-AF6B36E14D9B}.Release|Any CPU.ActiveCfg = Release|Any CPU
		{62B0CCA4-7660-4777-8C9D-AF6B36E14D9B}.Release|Any CPU.Build.0 = Release|Any CPU
		{53C19CAA-CD06-453E-851F-4F63170EFB46}.Debug|Any CPU.ActiveCfg = Debug|Any CPU
		{53C19CAA-CD06-453E-851F-4F63170EFB46}.Debug|Any CPU.Build.0 = Debug|Any CPU
		{53C19CAA-CD06-453E-851F-4F63170EFB46}.Release|Any CPU.ActiveCfg = Release|Any CPU
		{53C19CAA-CD06-453E-851F-4F63170EFB46}.Release|Any CPU.Build.0 = Release|Any CPU
		{899AD01D-7251-4A3D-A456-34F3FA09A8B4}.Debug|Any CPU.ActiveCfg = Debug|Any CPU
		{899AD01D-7251-4A3D-A456-34F3FA09A8B4}.Debug|Any CPU.Build.0 = Debug|Any CPU
		{899AD01D-7251-4A3D-A456-34F3FA09A8B4}.Release|Any CPU.ActiveCfg = Release|Any CPU
		{899AD01D-7251-4A3D-A456-34F3FA09A8B4}.Release|Any CPU.Build.0 = Release|Any CPU
		{36055E92-A497-4CDF-86EE-3A477AD62DDC}.Debug|Any CPU.ActiveCfg = Debug|Any CPU
		{36055E92-A497-4CDF-86EE-3A477AD62DDC}.Debug|Any CPU.Build.0 = Debug|Any CPU
		{36055E92-A497-4CDF-86EE-3A477AD62DDC}.Release|Any CPU.ActiveCfg = Release|Any CPU
		{36055E92-A497-4CDF-86EE-3A477AD62DDC}.Release|Any CPU.Build.0 = Release|Any CPU
		{2C6DAC0B-892E-4A5F-8080-25B9378CB171}.Debug|Any CPU.ActiveCfg = Debug|Any CPU
		{2C6DAC0B-892E-4A5F-8080-25B9378CB171}.Debug|Any CPU.Build.0 = Debug|Any CPU
		{2C6DAC0B-892E-4A5F-8080-25B9378CB171}.Release|Any CPU.ActiveCfg = Release|Any CPU
		{2C6DAC0B-892E-4A5F-8080-25B9378CB171}.Release|Any CPU.Build.0 = Release|Any CPU
		{CAEDBF5D-0F61-4500-8205-AD503D45EA52}.Debug|Any CPU.ActiveCfg = Debug|Any CPU
		{CAEDBF5D-0F61-4500-8205-AD503D45EA52}.Debug|Any CPU.Build.0 = Debug|Any CPU
		{CAEDBF5D-0F61-4500-8205-AD503D45EA52}.Release|Any CPU.ActiveCfg = Release|Any CPU
		{CAEDBF5D-0F61-4500-8205-AD503D45EA52}.Release|Any CPU.Build.0 = Release|Any CPU
		{B27FFC03-7099-48B1-9BA6-6DE4F34C3D45}.Debug|Any CPU.ActiveCfg = Debug|Any CPU
		{B27FFC03-7099-48B1-9BA6-6DE4F34C3D45}.Debug|Any CPU.Build.0 = Debug|Any CPU
		{B27FFC03-7099-48B1-9BA6-6DE4F34C3D45}.Release|Any CPU.ActiveCfg = Release|Any CPU
		{B27FFC03-7099-48B1-9BA6-6DE4F34C3D45}.Release|Any CPU.Build.0 = Release|Any CPU
		{5251CC78-347A-4C03-83F4-5D54353D3459}.Debug|Any CPU.ActiveCfg = Debug|Any CPU
		{5251CC78-347A-4C03-83F4-5D54353D3459}.Debug|Any CPU.Build.0 = Debug|Any CPU
		{5251CC78-347A-4C03-83F4-5D54353D3459}.Release|Any CPU.ActiveCfg = Release|Any CPU
		{5251CC78-347A-4C03-83F4-5D54353D3459}.Release|Any CPU.Build.0 = Release|Any CPU
		{7E0A4074-4EE5-492B-AF3E-D956B252D3CA}.Debug|Any CPU.ActiveCfg = Debug|Any CPU
		{7E0A4074-4EE5-492B-AF3E-D956B252D3CA}.Debug|Any CPU.Build.0 = Debug|Any CPU
		{7E0A4074-4EE5-492B-AF3E-D956B252D3CA}.Release|Any CPU.ActiveCfg = Release|Any CPU
		{7E0A4074-4EE5-492B-AF3E-D956B252D3CA}.Release|Any CPU.Build.0 = Release|Any CPU
		{1A838CF5-4D65-4200-8784-71A6126C1B52}.Debug|Any CPU.ActiveCfg = Debug|Any CPU
		{1A838CF5-4D65-4200-8784-71A6126C1B52}.Debug|Any CPU.Build.0 = Debug|Any CPU
		{1A838CF5-4D65-4200-8784-71A6126C1B52}.Release|Any CPU.ActiveCfg = Release|Any CPU
		{1A838CF5-4D65-4200-8784-71A6126C1B52}.Release|Any CPU.Build.0 = Release|Any CPU
		{9650628A-92BA-4786-AB2F-8328B294E21E}.Debug|Any CPU.ActiveCfg = Debug|Any CPU
		{9650628A-92BA-4786-AB2F-8328B294E21E}.Debug|Any CPU.Build.0 = Debug|Any CPU
		{9650628A-92BA-4786-AB2F-8328B294E21E}.Release|Any CPU.ActiveCfg = Release|Any CPU
		{9650628A-92BA-4786-AB2F-8328B294E21E}.Release|Any CPU.Build.0 = Release|Any CPU
		{AD558A07-D418-42E0-AAFB-CE9AA5C299F6}.Debug|Any CPU.ActiveCfg = Debug|Any CPU
		{AD558A07-D418-42E0-AAFB-CE9AA5C299F6}.Debug|Any CPU.Build.0 = Debug|Any CPU
		{AD558A07-D418-42E0-AAFB-CE9AA5C299F6}.Release|Any CPU.ActiveCfg = Release|Any CPU
		{AD558A07-D418-42E0-AAFB-CE9AA5C299F6}.Release|Any CPU.Build.0 = Release|Any CPU
		{CC69A08E-E3E6-41FA-A2C9-42A65E09A049}.Debug|Any CPU.ActiveCfg = Debug|Any CPU
		{CC69A08E-E3E6-41FA-A2C9-42A65E09A049}.Debug|Any CPU.Build.0 = Debug|Any CPU
		{CC69A08E-E3E6-41FA-A2C9-42A65E09A049}.Release|Any CPU.ActiveCfg = Release|Any CPU
		{CC69A08E-E3E6-41FA-A2C9-42A65E09A049}.Release|Any CPU.Build.0 = Release|Any CPU
	EndGlobalSection
	GlobalSection(SolutionProperties) = preSolution
		HideSolutionNode = FALSE
	EndGlobalSection
	GlobalSection(ExtensibilityGlobals) = postSolution
		SolutionGuid = {FA26B54B-0D49-414E-BFD7-C583C6993CA9}
	EndGlobalSection
EndGlobal
