
Microsoft Visual Studio Solution File, Format Version 12.00
# Visual Studio Version 16
VisualStudioVersion = 16.0.31410.357
MinimumVisualStudioVersion = 10.0.40219.1
Project("{9A19103F-16F7-4668-BE54-9A1E7A4F7556}") = "URI1837_Preface", "URI1837_Preface\URI1837_Preface.csproj", "{0E566429-304D-4C3A-AE4F-1FC28BB197F9}"
EndProject
Project("{9A19103F-16F7-4668-BE54-9A1E7A4F7556}") = "URI2861_TheOutput", "URI2861_TheOutput\URI2861_TheOutput.csproj", "{831BACC0-3759-43A5-8B44-511E3D6F0297}"
EndProject
Project("{9A19103F-16F7-4668-BE54-9A1E7A4F7556}") = "URI2862_Insect!", "URI2862_Insect!\URI2862_Insect!.csproj", "{CED96B73-74C6-4F62-B6E5-CF34BC76E5E7}"
EndProject
Project("{9A19103F-16F7-4668-BE54-9A1E7A4F7556}") = "URI2863_UmilBolt", "URI2863_UmilBolt\URI2863_UmilBolt.csproj", "{E6DCFB35-C5CD-41B4-8BB0-702AB8B501D6}"
EndProject
Project("{9A19103F-16F7-4668-BE54-9A1E7A4F7556}") = "URI3157_LongLiveScience", "URI3157_LongLiveScience\URI3157_LongLiveScience.csproj", "{909D0C05-F46A-4E3C-AE72-B2967286C402}"
EndProject
Project("{9A19103F-16F7-4668-BE54-9A1E7A4F7556}") = "URI2344_NotasdaProva", "URI2344_NotasdaProva\URI2344_NotasdaProva.csproj", "{50D15AA9-FA0B-444A-B9EC-A94105E7886B}"
EndProject
Project("{9A19103F-16F7-4668-BE54-9A1E7A4F7556}") = "URI2483_MerryChristmaaas", "URI2483_MerryChristmaaas\URI2483_MerryChristmaaas.csproj", "{2E9A4AF6-DE88-4CC8-B2EC-238BF7AAFDC2}"
EndProject
Project("{9A19103F-16F7-4668-BE54-9A1E7A4F7556}") = "URI1866_Bill", "URI1866_Bill\URI1866_Bill.csproj", "{2F4DC1BE-FF56-4223-A78A-8267ADECA05E}"
EndProject
Project("{9A19103F-16F7-4668-BE54-9A1E7A4F7556}") = "URI2374_Pneu", "URI2374_Pneu\URI2374_Pneu.csproj", "{F18FB2DA-1475-4A68-9362-14B2F70FB860}"
EndProject
Project("{9A19103F-16F7-4668-BE54-9A1E7A4F7556}") = "URI2413_BuscanaInternet", "URI2413_BuscanaInternet\URI2413_BuscanaInternet.csproj", "{43642356-BEE2-43B7-85E3-EF325AAD499C}"
EndProject
Project("{9A19103F-16F7-4668-BE54-9A1E7A4F7556}") = "URI1933_Tridu", "URI1933_Tridu\URI1933_Tridu.csproj", "{E93DC19D-8510-4C32-9D6E-AFE25B4056B4}"
EndProject
Project("{9A19103F-16F7-4668-BE54-9A1E7A4F7556}") = "URI2936_HowMuchCassava", "URI2936_HowMuchCassava\URI2936_HowMuchCassava.csproj", "{7BB206CD-90C8-42AE-9FF8-845FBD239A04}"
EndProject
Project("{9A19103F-16F7-4668-BE54-9A1E7A4F7556}") = "URI2058_TrianglesandRegularPolygons", "URI2058_TrianglesandRegularPolygons\URI2058_TrianglesandRegularPolygons.csproj", "{03AA7A27-236F-4C52-BBB0-A2E6642B34B3}"
EndProject
Project("{9A19103F-16F7-4668-BE54-9A1E7A4F7556}") = "URI2388_Tacógrafo", "URI2388_Tacógrafo\URI2388_Tacógrafo.csproj", "{BCAD2269-D7D3-48E3-8CFD-10CC8ED30CB3}"
EndProject
Project("{9A19103F-16F7-4668-BE54-9A1E7A4F7556}") = "URI1930_ElectricalOutlet", "URI1930_ElectricalOutlet\URI1930_ElectricalOutlet.csproj", "{81AEB04F-6750-42C7-84FD-1AC66276D307}"
EndProject
Project("{9A19103F-16F7-4668-BE54-9A1E7A4F7556}") = "URI2006_IdentifyingTea", "URI2006_IdentifyingTea\URI2006_IdentifyingTea.csproj", "{115EC43C-C26D-449D-BAB6-78F4372B6C35}"
EndProject
Project("{9A19103F-16F7-4668-BE54-9A1E7A4F7556}") = "URI1924_VitóriaandHerIndecision", "URI1924_VitóriaandHerIndecision\URI1924_VitóriaandHerIndecision.csproj", "{E5C1CDCA-0745-4EC0-AFBF-CC37CE772EAC}"
EndProject
Project("{9A19103F-16F7-4668-BE54-9A1E7A4F7556}") = "URI2753_Output7", "URI2753_Output7\URI2753_Output7.csproj", "{1B26784E-782B-40B5-BEA7-ADF011635753}"
EndProject
Project("{9A19103F-16F7-4668-BE54-9A1E7A4F7556}") = "URI2748_Output2", "URI2748_Output2\URI2748_Output2.csproj", "{BC1941D0-CEEA-42B8-A6C2-2EFFE59F5E15}"
EndProject
Project("{9A19103F-16F7-4668-BE54-9A1E7A4F7556}") = "URI2749_Output3", "URI2749_Output3\URI2749_Output3.csproj", "{A14B714D-EEB0-48DB-9B84-667C03B67F38}"
EndProject
Project("{9A19103F-16F7-4668-BE54-9A1E7A4F7556}") = "URI2750_Output4", "URI2750_Output4\URI2750_Output4.csproj", "{1DC70B64-B3E1-4BB4-ADFF-19C2C989F3C3}"
EndProject
Project("{9A19103F-16F7-4668-BE54-9A1E7A4F7556}") = "URI1858_TheonsAnswer", "URI1858_TheonsAnswer\URI1858_TheonsAnswer.csproj", "{BE6D3AB4-E35B-4900-A6B2-3C4F91DB7635}"
EndProject
Project("{9A19103F-16F7-4668-BE54-9A1E7A4F7556}") = "URI1865_Mjolnir", "URI1865_Mjolnir\URI1865_Mjolnir.csproj", "{E55F0BA8-719A-4FAF-94C2-B9D636CFD83B}"
EndProject
Project("{9A19103F-16F7-4668-BE54-9A1E7A4F7556}") = "URI1929_Triangle", "URI1929_Triangle\URI1929_Triangle.csproj", "{FF1101CE-3674-43E9-AA17-3C8D70DB6EA3}"
EndProject
Project("{9A19103F-16F7-4668-BE54-9A1E7A4F7556}") = "URI3302_CorrectAnswer", "URI3302_Triangle\URI3302_CorrectAnswer.csproj", "{4D3DA75D-10B5-4492-BEA4-508E4ECE4178}"
EndProject
Project("{9A19103F-16F7-4668-BE54-9A1E7A4F7556}") = "URI3303_BigWord", "URI3303_BigWord\URI3303_BigWord.csproj", "{42FB78D3-4EA0-468C-A5DC-229C5BCD05BC}"
EndProject
Global
	GlobalSection(SolutionConfigurationPlatforms) = preSolution
		Debug|Any CPU = Debug|Any CPU
		Release|Any CPU = Release|Any CPU
	EndGlobalSection
	GlobalSection(ProjectConfigurationPlatforms) = postSolution
		{0E566429-304D-4C3A-AE4F-1FC28BB197F9}.Debug|Any CPU.ActiveCfg = Debug|Any CPU
		{0E566429-304D-4C3A-AE4F-1FC28BB197F9}.Debug|Any CPU.Build.0 = Debug|Any CPU
		{0E566429-304D-4C3A-AE4F-1FC28BB197F9}.Release|Any CPU.ActiveCfg = Release|Any CPU
		{0E566429-304D-4C3A-AE4F-1FC28BB197F9}.Release|Any CPU.Build.0 = Release|Any CPU
		{831BACC0-3759-43A5-8B44-511E3D6F0297}.Debug|Any CPU.ActiveCfg = Debug|Any CPU
		{831BACC0-3759-43A5-8B44-511E3D6F0297}.Debug|Any CPU.Build.0 = Debug|Any CPU
		{831BACC0-3759-43A5-8B44-511E3D6F0297}.Release|Any CPU.ActiveCfg = Release|Any CPU
		{831BACC0-3759-43A5-8B44-511E3D6F0297}.Release|Any CPU.Build.0 = Release|Any CPU
		{CED96B73-74C6-4F62-B6E5-CF34BC76E5E7}.Debug|Any CPU.ActiveCfg = Debug|Any CPU
		{CED96B73-74C6-4F62-B6E5-CF34BC76E5E7}.Debug|Any CPU.Build.0 = Debug|Any CPU
		{CED96B73-74C6-4F62-B6E5-CF34BC76E5E7}.Release|Any CPU.ActiveCfg = Release|Any CPU
		{CED96B73-74C6-4F62-B6E5-CF34BC76E5E7}.Release|Any CPU.Build.0 = Release|Any CPU
		{E6DCFB35-C5CD-41B4-8BB0-702AB8B501D6}.Debug|Any CPU.ActiveCfg = Debug|Any CPU
		{E6DCFB35-C5CD-41B4-8BB0-702AB8B501D6}.Debug|Any CPU.Build.0 = Debug|Any CPU
		{E6DCFB35-C5CD-41B4-8BB0-702AB8B501D6}.Release|Any CPU.ActiveCfg = Release|Any CPU
		{E6DCFB35-C5CD-41B4-8BB0-702AB8B501D6}.Release|Any CPU.Build.0 = Release|Any CPU
		{909D0C05-F46A-4E3C-AE72-B2967286C402}.Debug|Any CPU.ActiveCfg = Debug|Any CPU
		{909D0C05-F46A-4E3C-AE72-B2967286C402}.Debug|Any CPU.Build.0 = Debug|Any CPU
		{909D0C05-F46A-4E3C-AE72-B2967286C402}.Release|Any CPU.ActiveCfg = Release|Any CPU
		{909D0C05-F46A-4E3C-AE72-B2967286C402}.Release|Any CPU.Build.0 = Release|Any CPU
		{50D15AA9-FA0B-444A-B9EC-A94105E7886B}.Debug|Any CPU.ActiveCfg = Debug|Any CPU
		{50D15AA9-FA0B-444A-B9EC-A94105E7886B}.Debug|Any CPU.Build.0 = Debug|Any CPU
		{50D15AA9-FA0B-444A-B9EC-A94105E7886B}.Release|Any CPU.ActiveCfg = Release|Any CPU
		{50D15AA9-FA0B-444A-B9EC-A94105E7886B}.Release|Any CPU.Build.0 = Release|Any CPU
		{2E9A4AF6-DE88-4CC8-B2EC-238BF7AAFDC2}.Debug|Any CPU.ActiveCfg = Debug|Any CPU
		{2E9A4AF6-DE88-4CC8-B2EC-238BF7AAFDC2}.Debug|Any CPU.Build.0 = Debug|Any CPU
		{2E9A4AF6-DE88-4CC8-B2EC-238BF7AAFDC2}.Release|Any CPU.ActiveCfg = Release|Any CPU
		{2E9A4AF6-DE88-4CC8-B2EC-238BF7AAFDC2}.Release|Any CPU.Build.0 = Release|Any CPU
		{2F4DC1BE-FF56-4223-A78A-8267ADECA05E}.Debug|Any CPU.ActiveCfg = Debug|Any CPU
		{2F4DC1BE-FF56-4223-A78A-8267ADECA05E}.Debug|Any CPU.Build.0 = Debug|Any CPU
		{2F4DC1BE-FF56-4223-A78A-8267ADECA05E}.Release|Any CPU.ActiveCfg = Release|Any CPU
		{2F4DC1BE-FF56-4223-A78A-8267ADECA05E}.Release|Any CPU.Build.0 = Release|Any CPU
		{F18FB2DA-1475-4A68-9362-14B2F70FB860}.Debug|Any CPU.ActiveCfg = Debug|Any CPU
		{F18FB2DA-1475-4A68-9362-14B2F70FB860}.Debug|Any CPU.Build.0 = Debug|Any CPU
		{F18FB2DA-1475-4A68-9362-14B2F70FB860}.Release|Any CPU.ActiveCfg = Release|Any CPU
		{F18FB2DA-1475-4A68-9362-14B2F70FB860}.Release|Any CPU.Build.0 = Release|Any CPU
		{43642356-BEE2-43B7-85E3-EF325AAD499C}.Debug|Any CPU.ActiveCfg = Debug|Any CPU
		{43642356-BEE2-43B7-85E3-EF325AAD499C}.Debug|Any CPU.Build.0 = Debug|Any CPU
		{43642356-BEE2-43B7-85E3-EF325AAD499C}.Release|Any CPU.ActiveCfg = Release|Any CPU
		{43642356-BEE2-43B7-85E3-EF325AAD499C}.Release|Any CPU.Build.0 = Release|Any CPU
		{E93DC19D-8510-4C32-9D6E-AFE25B4056B4}.Debug|Any CPU.ActiveCfg = Debug|Any CPU
		{E93DC19D-8510-4C32-9D6E-AFE25B4056B4}.Debug|Any CPU.Build.0 = Debug|Any CPU
		{E93DC19D-8510-4C32-9D6E-AFE25B4056B4}.Release|Any CPU.ActiveCfg = Release|Any CPU
		{E93DC19D-8510-4C32-9D6E-AFE25B4056B4}.Release|Any CPU.Build.0 = Release|Any CPU
		{7BB206CD-90C8-42AE-9FF8-845FBD239A04}.Debug|Any CPU.ActiveCfg = Debug|Any CPU
		{7BB206CD-90C8-42AE-9FF8-845FBD239A04}.Debug|Any CPU.Build.0 = Debug|Any CPU
		{7BB206CD-90C8-42AE-9FF8-845FBD239A04}.Release|Any CPU.ActiveCfg = Release|Any CPU
		{7BB206CD-90C8-42AE-9FF8-845FBD239A04}.Release|Any CPU.Build.0 = Release|Any CPU
		{03AA7A27-236F-4C52-BBB0-A2E6642B34B3}.Debug|Any CPU.ActiveCfg = Debug|Any CPU
		{03AA7A27-236F-4C52-BBB0-A2E6642B34B3}.Debug|Any CPU.Build.0 = Debug|Any CPU
		{03AA7A27-236F-4C52-BBB0-A2E6642B34B3}.Release|Any CPU.ActiveCfg = Release|Any CPU
		{03AA7A27-236F-4C52-BBB0-A2E6642B34B3}.Release|Any CPU.Build.0 = Release|Any CPU
		{BCAD2269-D7D3-48E3-8CFD-10CC8ED30CB3}.Debug|Any CPU.ActiveCfg = Debug|Any CPU
		{BCAD2269-D7D3-48E3-8CFD-10CC8ED30CB3}.Debug|Any CPU.Build.0 = Debug|Any CPU
		{BCAD2269-D7D3-48E3-8CFD-10CC8ED30CB3}.Release|Any CPU.ActiveCfg = Release|Any CPU
		{BCAD2269-D7D3-48E3-8CFD-10CC8ED30CB3}.Release|Any CPU.Build.0 = Release|Any CPU
		{81AEB04F-6750-42C7-84FD-1AC66276D307}.Debug|Any CPU.ActiveCfg = Debug|Any CPU
		{81AEB04F-6750-42C7-84FD-1AC66276D307}.Debug|Any CPU.Build.0 = Debug|Any CPU
		{81AEB04F-6750-42C7-84FD-1AC66276D307}.Release|Any CPU.ActiveCfg = Release|Any CPU
		{81AEB04F-6750-42C7-84FD-1AC66276D307}.Release|Any CPU.Build.0 = Release|Any CPU
		{115EC43C-C26D-449D-BAB6-78F4372B6C35}.Debug|Any CPU.ActiveCfg = Debug|Any CPU
		{115EC43C-C26D-449D-BAB6-78F4372B6C35}.Debug|Any CPU.Build.0 = Debug|Any CPU
		{115EC43C-C26D-449D-BAB6-78F4372B6C35}.Release|Any CPU.ActiveCfg = Release|Any CPU
		{115EC43C-C26D-449D-BAB6-78F4372B6C35}.Release|Any CPU.Build.0 = Release|Any CPU
		{E5C1CDCA-0745-4EC0-AFBF-CC37CE772EAC}.Debug|Any CPU.ActiveCfg = Debug|Any CPU
		{E5C1CDCA-0745-4EC0-AFBF-CC37CE772EAC}.Debug|Any CPU.Build.0 = Debug|Any CPU
		{E5C1CDCA-0745-4EC0-AFBF-CC37CE772EAC}.Release|Any CPU.ActiveCfg = Release|Any CPU
		{E5C1CDCA-0745-4EC0-AFBF-CC37CE772EAC}.Release|Any CPU.Build.0 = Release|Any CPU
		{1B26784E-782B-40B5-BEA7-ADF011635753}.Debug|Any CPU.ActiveCfg = Debug|Any CPU
		{1B26784E-782B-40B5-BEA7-ADF011635753}.Debug|Any CPU.Build.0 = Debug|Any CPU
		{1B26784E-782B-40B5-BEA7-ADF011635753}.Release|Any CPU.ActiveCfg = Release|Any CPU
		{1B26784E-782B-40B5-BEA7-ADF011635753}.Release|Any CPU.Build.0 = Release|Any CPU
		{BC1941D0-CEEA-42B8-A6C2-2EFFE59F5E15}.Debug|Any CPU.ActiveCfg = Debug|Any CPU
		{BC1941D0-CEEA-42B8-A6C2-2EFFE59F5E15}.Debug|Any CPU.Build.0 = Debug|Any CPU
		{BC1941D0-CEEA-42B8-A6C2-2EFFE59F5E15}.Release|Any CPU.ActiveCfg = Release|Any CPU
		{BC1941D0-CEEA-42B8-A6C2-2EFFE59F5E15}.Release|Any CPU.Build.0 = Release|Any CPU
		{A14B714D-EEB0-48DB-9B84-667C03B67F38}.Debug|Any CPU.ActiveCfg = Debug|Any CPU
		{A14B714D-EEB0-48DB-9B84-667C03B67F38}.Debug|Any CPU.Build.0 = Debug|Any CPU
		{A14B714D-EEB0-48DB-9B84-667C03B67F38}.Release|Any CPU.ActiveCfg = Release|Any CPU
		{A14B714D-EEB0-48DB-9B84-667C03B67F38}.Release|Any CPU.Build.0 = Release|Any CPU
		{1DC70B64-B3E1-4BB4-ADFF-19C2C989F3C3}.Debug|Any CPU.ActiveCfg = Debug|Any CPU
		{1DC70B64-B3E1-4BB4-ADFF-19C2C989F3C3}.Debug|Any CPU.Build.0 = Debug|Any CPU
		{1DC70B64-B3E1-4BB4-ADFF-19C2C989F3C3}.Release|Any CPU.ActiveCfg = Release|Any CPU
		{1DC70B64-B3E1-4BB4-ADFF-19C2C989F3C3}.Release|Any CPU.Build.0 = Release|Any CPU
		{BE6D3AB4-E35B-4900-A6B2-3C4F91DB7635}.Debug|Any CPU.ActiveCfg = Debug|Any CPU
		{BE6D3AB4-E35B-4900-A6B2-3C4F91DB7635}.Debug|Any CPU.Build.0 = Debug|Any CPU
		{BE6D3AB4-E35B-4900-A6B2-3C4F91DB7635}.Release|Any CPU.ActiveCfg = Release|Any CPU
		{BE6D3AB4-E35B-4900-A6B2-3C4F91DB7635}.Release|Any CPU.Build.0 = Release|Any CPU
		{E55F0BA8-719A-4FAF-94C2-B9D636CFD83B}.Debug|Any CPU.ActiveCfg = Debug|Any CPU
		{E55F0BA8-719A-4FAF-94C2-B9D636CFD83B}.Debug|Any CPU.Build.0 = Debug|Any CPU
		{E55F0BA8-719A-4FAF-94C2-B9D636CFD83B}.Release|Any CPU.ActiveCfg = Release|Any CPU
		{E55F0BA8-719A-4FAF-94C2-B9D636CFD83B}.Release|Any CPU.Build.0 = Release|Any CPU
		{FF1101CE-3674-43E9-AA17-3C8D70DB6EA3}.Debug|Any CPU.ActiveCfg = Debug|Any CPU
		{FF1101CE-3674-43E9-AA17-3C8D70DB6EA3}.Debug|Any CPU.Build.0 = Debug|Any CPU
		{FF1101CE-3674-43E9-AA17-3C8D70DB6EA3}.Release|Any CPU.ActiveCfg = Release|Any CPU
		{FF1101CE-3674-43E9-AA17-3C8D70DB6EA3}.Release|Any CPU.Build.0 = Release|Any CPU
		{4D3DA75D-10B5-4492-BEA4-508E4ECE4178}.Debug|Any CPU.ActiveCfg = Debug|Any CPU
		{4D3DA75D-10B5-4492-BEA4-508E4ECE4178}.Debug|Any CPU.Build.0 = Debug|Any CPU
		{4D3DA75D-10B5-4492-BEA4-508E4ECE4178}.Release|Any CPU.ActiveCfg = Release|Any CPU
		{4D3DA75D-10B5-4492-BEA4-508E4ECE4178}.Release|Any CPU.Build.0 = Release|Any CPU
		{42FB78D3-4EA0-468C-A5DC-229C5BCD05BC}.Debug|Any CPU.ActiveCfg = Debug|Any CPU
		{42FB78D3-4EA0-468C-A5DC-229C5BCD05BC}.Debug|Any CPU.Build.0 = Debug|Any CPU
		{42FB78D3-4EA0-468C-A5DC-229C5BCD05BC}.Release|Any CPU.ActiveCfg = Release|Any CPU
		{42FB78D3-4EA0-468C-A5DC-229C5BCD05BC}.Release|Any CPU.Build.0 = Release|Any CPU
	EndGlobalSection
	GlobalSection(SolutionProperties) = preSolution
		HideSolutionNode = FALSE
	EndGlobalSection
	GlobalSection(ExtensibilityGlobals) = postSolution
		SolutionGuid = {FA26B54B-0D49-414E-BFD7-C583C6993CA9}
	EndGlobalSection
EndGlobal
